{
  "nodes": {
    "alejandra": {
      "inputs": {
        "flakeCompat": "flakeCompat",
        "nixpkgs": [
          "nixpkgs"
        ]
      },
      "locked": {
        "lastModified": 1649190206,
        "narHash": "sha256-35hEJuMvRswOPKb9lbB9ZuHVe0eJN6WJc4T8Frn0hYQ=",
        "owner": "kamadorueda",
        "repo": "alejandra",
        "rev": "d34bf2f62f09d10e5c9bf6444d181934f100708b",
        "type": "github"
      },
      "original": {
        "owner": "kamadorueda",
        "ref": "1.2.0",
        "repo": "alejandra",
        "type": "github"
      }
    },
    "easy-purescript-nix": {
      "flake": false,
      "locked": {
        "lastModified": 1689933391,
        "narHash": "sha256-jUuy2OzmxegEn0KT3u1uf87eGGA33+of9HodIqS3PLY=",
        "owner": "justinwoo",
        "repo": "easy-purescript-nix",
        "rev": "5dcea83eecb56241ed72e3631d47e87bb11e45b9",
        "type": "github"
      },
      "original": {
        "owner": "justinwoo",
        "repo": "easy-purescript-nix",
        "type": "github"
      }
    },
    "flakeCompat": {
      "flake": false,
      "locked": {
        "lastModified": 1648199409,
        "narHash": "sha256-JwPKdC2PoVBkG6E+eWw3j6BMR6sL3COpYWfif7RVb8Y=",
        "owner": "edolstra",
        "repo": "flake-compat",
        "rev": "64a525ee38886ab9028e6f61790de0832aa3ef03",
        "type": "github"
      },
      "original": {
        "owner": "edolstra",
        "repo": "flake-compat",
        "type": "github"
      }
    },
    "home-manager": {
      "inputs": {
        "nixpkgs": [
          "nixpkgs"
        ]
      },
      "locked": {
        "lastModified": 1690790567,
        "narHash": "sha256-fymHCZFy+qjrNh+EZDHYEEtbZw1TvjtxtCBPBSWU7CM=",
        "owner": "nix-community",
        "repo": "home-manager",
        "rev": "729ab77f9e998e0989fa30140ecc91e738bc0cb1",
        "type": "github"
      },
      "original": {
        "owner": "nix-community",
        "repo": "home-manager",
        "type": "github"
      }
    },
    "nixpkgs": {
      "locked": {
        "lastModified": 1690640159,
        "narHash": "sha256-5DZUYnkeMOsVb/eqPYb9zns5YsnQXRJRC8Xx/nPMcno=",
        "owner": "NixOS",
        "repo": "nixpkgs",
        "rev": "e6ab46982debeab9831236869539a507f670a129",
        "type": "github"
      },
      "original": {
        "owner": "NixOS",
        "ref": "nixos-unstable",
        "repo": "nixpkgs",
        "type": "github"
      }
    },
    "root": {
      "inputs": {
        "alejandra": "alejandra",
        "easy-purescript-nix": "easy-purescript-nix",
        "home-manager": "home-manager",
        "nixpkgs": "nixpkgs"
      }
    }
  },
  "root": "root",
  "version": 7
}
